
Microsoft Visual Studio Solution File, Format Version 12.00
# Visual Studio Version 17
VisualStudioVersion = 17.5.33530.505
MinimumVisualStudioVersion = 10.0.40219.1
Project("{9A19103F-16F7-4668-BE54-9A1E7A4F7556}") = "E.Commerce", "E.Commerce\E.Commerce.csproj", "{A2B46215-E8BC-41C4-9650-755A117C5AF8}"
EndProject
Project("{E53339B2-1760-4266-BCC7-CA923CBCF16C}") = "docker-compose", "docker-compose.dcproj", "{AB975777-D400-4D65-A09F-EFD88DE6CB25}"
EndProject
Global
	GlobalSection(SolutionConfigurationPlatforms) = preSolution
		Debug|Any CPU = Debug|Any CPU
		Release|Any CPU = Release|Any CPU
	EndGlobalSection
	GlobalSection(ProjectConfigurationPlatforms) = postSolution
		{A2B46215-E8BC-41C4-9650-755A117C5AF8}.Debug|Any CPU.ActiveCfg = Debug|Any CPU
		{A2B46215-E8BC-41C4-9650-755A117C5AF8}.Debug|Any CPU.Build.0 = Debug|Any CPU
		{A2B46215-E8BC-41C4-9650-755A117C5AF8}.Release|Any CPU.ActiveCfg = Release|Any CPU
		{A2B46215-E8BC-41C4-9650-755A117C5AF8}.Release|Any CPU.Build.0 = Release|Any CPU
		{AB975777-D400-4D65-A09F-EFD88DE6CB25}.Debug|Any CPU.ActiveCfg = Debug|Any CPU
		{AB975777-D400-4D65-A09F-EFD88DE6CB25}.Debug|Any CPU.Build.0 = Debug|Any CPU
		{AB975777-D400-4D65-A09F-EFD88DE6CB25}.Release|Any CPU.ActiveCfg = Release|Any CPU
		{AB975777-D400-4D65-A09F-EFD88DE6CB25}.Release|Any CPU.Build.0 = Release|Any CPU
	EndGlobalSection
	GlobalSection(SolutionProperties) = preSolution
		HideSolutionNode = FALSE
	EndGlobalSection
	GlobalSection(ExtensibilityGlobals) = postSolution
		SolutionGuid = {5EC34DC5-745A-4CD7-9C93-011E30AE4DC7}
	EndGlobalSection
EndGlobal
